
Microsoft Visual Studio Solution File, Format Version 12.00
# Visual Studio Version 17
VisualStudioVersion = 17.5.33424.131
MinimumVisualStudioVersion = 10.0.40219.1
Project("{9A19103F-16F7-4668-BE54-9A1E7A4F7556}") = "fooapp", "fooapp\fooapp.csproj", "{437912B1-AA10-4090-A505-559F52B83182}"
EndProject
Global
	GlobalSection(SolutionConfigurationPlatforms) = preSolution
		Debug|Any CPU = Debug|Any CPU
		Release|Any CPU = Release|Any CPU
	EndGlobalSection
	GlobalSection(ProjectConfigurationPlatforms) = postSolution
		{437912B1-AA10-4090-A505-559F52B83182}.Debug|Any CPU.ActiveCfg = Debug|Any CPU
		{437912B1-AA10-4090-A505-559F52B83182}.Debug|Any CPU.Build.0 = Debug|Any CPU
		{437912B1-AA10-4090-A505-559F52B83182}.Release|Any CPU.ActiveCfg = Release|Any CPU
		{437912B1-AA10-4090-A505-559F52B83182}.Release|Any CPU.Build.0 = Release|Any CPU
	EndGlobalSection
	GlobalSection(SolutionProperties) = preSolution
		HideSolutionNode = FALSE
	EndGlobalSection
	GlobalSection(ExtensibilityGlobals) = postSolution
		SolutionGuid = {4C0D70BF-EB68-4944-8D9B-A6A4C0A2CAF1}
	EndGlobalSection
EndGlobal
